
Microsoft Visual Studio Solution File, Format Version 12.00
# Visual Studio Version 17
VisualStudioVersion = 17.9.34902.65
MinimumVisualStudioVersion = 10.0.40219.1
Project("{2150E333-8FDC-42A3-9474-1A3956D46DE8}") = "Solution Items", "Solution Items", "{2C060F6B-B593-43D3-9A67-78A8722F6E59}"
	ProjectSection(SolutionItems) = preProject
		src\docker-compose.override.yml = src\docker-compose.override.yml
		src\docker-compose.yml = src\docker-compose.yml
		..\..\..\SWD391\Code\Microservice-e0b9a33031d70eb92cc0c0b20e4fc78541350bd2\Microservice-e0b9a33031d70eb92cc0c0b20e4fc78541350bd2\global.json = ..\..\..\SWD391\Code\Microservice-e0b9a33031d70eb92cc0c0b20e4fc78541350bd2\Microservice-e0b9a33031d70eb92cc0c0b20e4fc78541350bd2\global.json
		..\..\..\SWD391\Code\Microservice-e0b9a33031d70eb92cc0c0b20e4fc78541350bd2\Microservice-e0b9a33031d70eb92cc0c0b20e4fc78541350bd2\README.md = ..\..\..\SWD391\Code\Microservice-e0b9a33031d70eb92cc0c0b20e4fc78541350bd2\Microservice-e0b9a33031d70eb92cc0c0b20e4fc78541350bd2\README.md
	EndProjectSection
EndProject
Project("{2150E333-8FDC-42A3-9474-1A3956D46DE8}") = "src", "src", "{4A06EEC4-EDF2-446F-9BDD-148663E558CC}"
EndProject
Project("{2150E333-8FDC-42A3-9474-1A3956D46DE8}") = "ApiGateways", "ApiGateways", "{43832B15-F2B7-4FAD-9E01-64AEF1B296DC}"
EndProject
Project("{2150E333-8FDC-42A3-9474-1A3956D46DE8}") = "test", "test", "{1CDCE3E0-C75C-4390-87FC-43F508277922}"
EndProject
Project("{2150E333-8FDC-42A3-9474-1A3956D46DE8}") = "BuildingBlocks", "BuildingBlocks", "{AC045892-0755-4844-A456-826BAFEF916C}"
EndProject
Project("{2150E333-8FDC-42A3-9474-1A3956D46DE8}") = "Services", "Services", "{A63A8B69-C286-4891-BFC3-1C9B830C1119}"
EndProject
Project("{2150E333-8FDC-42A3-9474-1A3956D46DE8}") = "WebApps", "WebApps", "{FB30E3A3-4399-44C9-AC2B-6329442EF853}"
EndProject
Project("{9A19103F-16F7-4668-BE54-9A1E7A4F7556}") = "Common.Logging", "src\BuildingBlocks\Common.Logging\Common.Logging.csproj", "{01D065DB-A8BD-44C1-8C72-C47C93546C41}"
EndProject
Project("{9A19103F-16F7-4668-BE54-9A1E7A4F7556}") = "EventBus.Messages", "src\BuildingBlocks\EventBus.Messages\EventBus.Messages.csproj", "{4EF713D1-BF69-441E-A2D0-B45CF11B70F4}"
EndProject
Project("{2150E333-8FDC-42A3-9474-1A3956D46DE8}") = "Product", "Product", "{0872CE4A-2663-4B8E-AFA3-66BED45E2550}"
EndProject
Project("{2150E333-8FDC-42A3-9474-1A3956D46DE8}") = "Customer", "Customer", "{662CD3AB-98FB-4640-A361-A6A5057402FF}"
EndProject
Project("{2150E333-8FDC-42A3-9474-1A3956D46DE8}") = "Basket", "Basket", "{AFC1A667-A5BB-42B0-A332-0407C46EC85E}"
EndProject
Project("{2150E333-8FDC-42A3-9474-1A3956D46DE8}") = "Ordering", "Ordering", "{8C203BBC-4C51-44D2-B279-752BE024A7D3}"
EndProject
Project("{2150E333-8FDC-42A3-9474-1A3956D46DE8}") = "Inventory", "Inventory", "{A65B01B8-649E-4C6A-ABE2-D070E1EDF931}"
EndProject
Project("{2150E333-8FDC-42A3-9474-1A3956D46DE8}") = "SheduledJob", "SheduledJob", "{9C01D010-5EFE-41C1-8D60-06CAC93004AA}"
EndProject
Project("{9A19103F-16F7-4668-BE54-9A1E7A4F7556}") = "WebHealthStatus", "src\WebApps\WebHealthStatus\WebHealthStatus.csproj", "{D0824B6E-C8A1-46C1-B344-8A2E1383B81D}"
EndProject
Project("{9A19103F-16F7-4668-BE54-9A1E7A4F7556}") = "Basket.API", "src\Service\Basket.API\Basket.API.csproj", "{EB7CF1C9-64DC-4A79-B768-62F8BA79C651}"
EndProject
Project("{9A19103F-16F7-4668-BE54-9A1E7A4F7556}") = "Customer.API", "src\Service\Customer.API\Customer.API.csproj", "{7B3461C7-8B54-465D-B663-7FA9C48225A4}"
EndProject
Project("{9A19103F-16F7-4668-BE54-9A1E7A4F7556}") = "Inventory.API", "src\Service\Inventory.API\Inventory.API.csproj", "{731C5045-0E16-4BE5-AF7E-5A92D2B751F9}"
EndProject
Project("{9A19103F-16F7-4668-BE54-9A1E7A4F7556}") = "Ordering.API", "src\Service\Ordering.API\Ordering.API.csproj", "{3D968FAC-4696-403B-87CB-11139A941F39}"
EndProject
Project("{9A19103F-16F7-4668-BE54-9A1E7A4F7556}") = "Product.API", "src\Service\Product.API\Product.API.csproj", "{FBC3EB00-D2B5-4E1A-A275-130AE276416D}"
EndProject
Project("{9A19103F-16F7-4668-BE54-9A1E7A4F7556}") = "Hangfire.API", "src\Service\Hangfire.API\Hangfire.API.csproj", "{857B0C0F-505A-41DC-BEEA-AFBB545B4B13}"
EndProject
Project("{9A19103F-16F7-4668-BE54-9A1E7A4F7556}") = "Contracts", "src\BuildingBlocks\Contracts\Contracts.csproj", "{00714203-AA19-4342-B2D6-50B2D30E61D6}"
EndProject
Project("{9A19103F-16F7-4668-BE54-9A1E7A4F7556}") = "Infrastructure", "src\BuildingBlocks\Infrastructure\Infrastructure.csproj", "{296A543C-2F52-4748-8DCD-C59DACF255BF}"
EndProject
Project("{9A19103F-16F7-4668-BE54-9A1E7A4F7556}") = "Shared", "src\BuildingBlocks\Shared\Shared.csproj", "{F8B2EF18-EC14-4540-9385-68BE592482D1}"
EndProject
Project("{9A19103F-16F7-4668-BE54-9A1E7A4F7556}") = "OcelotApiGw", "src\ApiGateways\OcelotApiGw\OcelotApiGw.csproj", "{C2CE0A0B-3514-4515-BA17-F76032D588BE}"
EndProject
Global
	GlobalSection(SolutionConfigurationPlatforms) = preSolution
		Debug|Any CPU = Debug|Any CPU
		Release|Any CPU = Release|Any CPU
	EndGlobalSection
	GlobalSection(ProjectConfigurationPlatforms) = postSolution
		{01D065DB-A8BD-44C1-8C72-C47C93546C41}.Debug|Any CPU.ActiveCfg = Debug|Any CPU
		{01D065DB-A8BD-44C1-8C72-C47C93546C41}.Debug|Any CPU.Build.0 = Debug|Any CPU
		{01D065DB-A8BD-44C1-8C72-C47C93546C41}.Release|Any CPU.ActiveCfg = Release|Any CPU
		{01D065DB-A8BD-44C1-8C72-C47C93546C41}.Release|Any CPU.Build.0 = Release|Any CPU
		{4EF713D1-BF69-441E-A2D0-B45CF11B70F4}.Debug|Any CPU.ActiveCfg = Debug|Any CPU
		{4EF713D1-BF69-441E-A2D0-B45CF11B70F4}.Debug|Any CPU.Build.0 = Debug|Any CPU
		{4EF713D1-BF69-441E-A2D0-B45CF11B70F4}.Release|Any CPU.ActiveCfg = Release|Any CPU
		{4EF713D1-BF69-441E-A2D0-B45CF11B70F4}.Release|Any CPU.Build.0 = Release|Any CPU
		{D0824B6E-C8A1-46C1-B344-8A2E1383B81D}.Debug|Any CPU.ActiveCfg = Debug|Any CPU
		{D0824B6E-C8A1-46C1-B344-8A2E1383B81D}.Debug|Any CPU.Build.0 = Debug|Any CPU
		{D0824B6E-C8A1-46C1-B344-8A2E1383B81D}.Release|Any CPU.ActiveCfg = Release|Any CPU
		{D0824B6E-C8A1-46C1-B344-8A2E1383B81D}.Release|Any CPU.Build.0 = Release|Any CPU
		{EB7CF1C9-64DC-4A79-B768-62F8BA79C651}.Debug|Any CPU.ActiveCfg = Debug|Any CPU
		{EB7CF1C9-64DC-4A79-B768-62F8BA79C651}.Debug|Any CPU.Build.0 = Debug|Any CPU
		{EB7CF1C9-64DC-4A79-B768-62F8BA79C651}.Release|Any CPU.ActiveCfg = Release|Any CPU
		{EB7CF1C9-64DC-4A79-B768-62F8BA79C651}.Release|Any CPU.Build.0 = Release|Any CPU
		{7B3461C7-8B54-465D-B663-7FA9C48225A4}.Debug|Any CPU.ActiveCfg = Debug|Any CPU
		{7B3461C7-8B54-465D-B663-7FA9C48225A4}.Debug|Any CPU.Build.0 = Debug|Any CPU
		{7B3461C7-8B54-465D-B663-7FA9C48225A4}.Release|Any CPU.ActiveCfg = Release|Any CPU
		{7B3461C7-8B54-465D-B663-7FA9C48225A4}.Release|Any CPU.Build.0 = Release|Any CPU
		{731C5045-0E16-4BE5-AF7E-5A92D2B751F9}.Debug|Any CPU.ActiveCfg = Debug|Any CPU
		{731C5045-0E16-4BE5-AF7E-5A92D2B751F9}.Debug|Any CPU.Build.0 = Debug|Any CPU
		{731C5045-0E16-4BE5-AF7E-5A92D2B751F9}.Release|Any CPU.ActiveCfg = Release|Any CPU
		{731C5045-0E16-4BE5-AF7E-5A92D2B751F9}.Release|Any CPU.Build.0 = Release|Any CPU
		{3D968FAC-4696-403B-87CB-11139A941F39}.Debug|Any CPU.ActiveCfg = Debug|Any CPU
		{3D968FAC-4696-403B-87CB-11139A941F39}.Debug|Any CPU.Build.0 = Debug|Any CPU
		{3D968FAC-4696-403B-87CB-11139A941F39}.Release|Any CPU.ActiveCfg = Release|Any CPU
		{3D968FAC-4696-403B-87CB-11139A941F39}.Release|Any CPU.Build.0 = Release|Any CPU
		{FBC3EB00-D2B5-4E1A-A275-130AE276416D}.Debug|Any CPU.ActiveCfg = Debug|Any CPU
		{FBC3EB00-D2B5-4E1A-A275-130AE276416D}.Debug|Any CPU.Build.0 = Debug|Any CPU
		{FBC3EB00-D2B5-4E1A-A275-130AE276416D}.Release|Any CPU.ActiveCfg = Release|Any CPU
		{FBC3EB00-D2B5-4E1A-A275-130AE276416D}.Release|Any CPU.Build.0 = Release|Any CPU
		{857B0C0F-505A-41DC-BEEA-AFBB545B4B13}.Debug|Any CPU.ActiveCfg = Debug|Any CPU
		{857B0C0F-505A-41DC-BEEA-AFBB545B4B13}.Debug|Any CPU.Build.0 = Debug|Any CPU
		{857B0C0F-505A-41DC-BEEA-AFBB545B4B13}.Release|Any CPU.ActiveCfg = Release|Any CPU
		{857B0C0F-505A-41DC-BEEA-AFBB545B4B13}.Release|Any CPU.Build.0 = Release|Any CPU
		{00714203-AA19-4342-B2D6-50B2D30E61D6}.Debug|Any CPU.ActiveCfg = Debug|Any CPU
		{00714203-AA19-4342-B2D6-50B2D30E61D6}.Debug|Any CPU.Build.0 = Debug|Any CPU
		{00714203-AA19-4342-B2D6-50B2D30E61D6}.Release|Any CPU.ActiveCfg = Release|Any CPU
		{00714203-AA19-4342-B2D6-50B2D30E61D6}.Release|Any CPU.Build.0 = Release|Any CPU
		{296A543C-2F52-4748-8DCD-C59DACF255BF}.Debug|Any CPU.ActiveCfg = Debug|Any CPU
		{296A543C-2F52-4748-8DCD-C59DACF255BF}.Debug|Any CPU.Build.0 = Debug|Any CPU
		{296A543C-2F52-4748-8DCD-C59DACF255BF}.Release|Any CPU.ActiveCfg = Release|Any CPU
		{296A543C-2F52-4748-8DCD-C59DACF255BF}.Release|Any CPU.Build.0 = Release|Any CPU
		{F8B2EF18-EC14-4540-9385-68BE592482D1}.Debug|Any CPU.ActiveCfg = Debug|Any CPU
		{F8B2EF18-EC14-4540-9385-68BE592482D1}.Debug|Any CPU.Build.0 = Debug|Any CPU
		{F8B2EF18-EC14-4540-9385-68BE592482D1}.Release|Any CPU.ActiveCfg = Release|Any CPU
		{F8B2EF18-EC14-4540-9385-68BE592482D1}.Release|Any CPU.Build.0 = Release|Any CPU
		{C2CE0A0B-3514-4515-BA17-F76032D588BE}.Debug|Any CPU.ActiveCfg = Debug|Any CPU
		{C2CE0A0B-3514-4515-BA17-F76032D588BE}.Debug|Any CPU.Build.0 = Debug|Any CPU
		{C2CE0A0B-3514-4515-BA17-F76032D588BE}.Release|Any CPU.ActiveCfg = Release|Any CPU
		{C2CE0A0B-3514-4515-BA17-F76032D588BE}.Release|Any CPU.Build.0 = Release|Any CPU
	EndGlobalSection
	GlobalSection(SolutionProperties) = preSolution
		HideSolutionNode = FALSE
	EndGlobalSection
	GlobalSection(NestedProjects) = preSolution
		{43832B15-F2B7-4FAD-9E01-64AEF1B296DC} = {4A06EEC4-EDF2-446F-9BDD-148663E558CC}
		{AC045892-0755-4844-A456-826BAFEF916C} = {4A06EEC4-EDF2-446F-9BDD-148663E558CC}
		{A63A8B69-C286-4891-BFC3-1C9B830C1119} = {4A06EEC4-EDF2-446F-9BDD-148663E558CC}
		{FB30E3A3-4399-44C9-AC2B-6329442EF853} = {4A06EEC4-EDF2-446F-9BDD-148663E558CC}
		{01D065DB-A8BD-44C1-8C72-C47C93546C41} = {AC045892-0755-4844-A456-826BAFEF916C}
		{4EF713D1-BF69-441E-A2D0-B45CF11B70F4} = {AC045892-0755-4844-A456-826BAFEF916C}
		{0872CE4A-2663-4B8E-AFA3-66BED45E2550} = {A63A8B69-C286-4891-BFC3-1C9B830C1119}
		{662CD3AB-98FB-4640-A361-A6A5057402FF} = {A63A8B69-C286-4891-BFC3-1C9B830C1119}
		{AFC1A667-A5BB-42B0-A332-0407C46EC85E} = {A63A8B69-C286-4891-BFC3-1C9B830C1119}
		{8C203BBC-4C51-44D2-B279-752BE024A7D3} = {A63A8B69-C286-4891-BFC3-1C9B830C1119}
		{A65B01B8-649E-4C6A-ABE2-D070E1EDF931} = {A63A8B69-C286-4891-BFC3-1C9B830C1119}
		{9C01D010-5EFE-41C1-8D60-06CAC93004AA} = {A63A8B69-C286-4891-BFC3-1C9B830C1119}
		{D0824B6E-C8A1-46C1-B344-8A2E1383B81D} = {FB30E3A3-4399-44C9-AC2B-6329442EF853}
		{EB7CF1C9-64DC-4A79-B768-62F8BA79C651} = {AFC1A667-A5BB-42B0-A332-0407C46EC85E}
		{7B3461C7-8B54-465D-B663-7FA9C48225A4} = {662CD3AB-98FB-4640-A361-A6A5057402FF}
		{731C5045-0E16-4BE5-AF7E-5A92D2B751F9} = {A65B01B8-649E-4C6A-ABE2-D070E1EDF931}
		{3D968FAC-4696-403B-87CB-11139A941F39} = {8C203BBC-4C51-44D2-B279-752BE024A7D3}
		{FBC3EB00-D2B5-4E1A-A275-130AE276416D} = {0872CE4A-2663-4B8E-AFA3-66BED45E2550}
		{857B0C0F-505A-41DC-BEEA-AFBB545B4B13} = {9C01D010-5EFE-41C1-8D60-06CAC93004AA}
		{00714203-AA19-4342-B2D6-50B2D30E61D6} = {AC045892-0755-4844-A456-826BAFEF916C}
		{296A543C-2F52-4748-8DCD-C59DACF255BF} = {AC045892-0755-4844-A456-826BAFEF916C}
		{F8B2EF18-EC14-4540-9385-68BE592482D1} = {AC045892-0755-4844-A456-826BAFEF916C}
		{C2CE0A0B-3514-4515-BA17-F76032D588BE} = {43832B15-F2B7-4FAD-9E01-64AEF1B296DC}
	EndGlobalSection
	GlobalSection(ExtensibilityGlobals) = postSolution
		SolutionGuid = {32466E91-AA67-4E51-BD25-48BF34004531}
	EndGlobalSection
EndGlobal
